
Microsoft Visual Studio Solution File, Format Version 12.00
# Visual Studio Version 17
VisualStudioVersion = 17.7.34202.233
MinimumVisualStudioVersion = 10.0.40219.1
Project("{FAE04EC0-301F-11D3-BF4B-00C04F79EFBC}") = "Mutex(ATM)", "Mutex(ATM)\Mutex(ATM).csproj", "{249B807B-4117-4096-AC64-D89BBA9E1184}"
EndProject
Global
	GlobalSection(SolutionConfigurationPlatforms) = preSolution
		Debug|Any CPU = Debug|Any CPU
		Release|Any CPU = Release|Any CPU
	EndGlobalSection
	GlobalSection(ProjectConfigurationPlatforms) = postSolution
		{249B807B-4117-4096-AC64-D89BBA9E1184}.Debug|Any CPU.ActiveCfg = Debug|Any CPU
		{249B807B-4117-4096-AC64-D89BBA9E1184}.Debug|Any CPU.Build.0 = Debug|Any CPU
		{249B807B-4117-4096-AC64-D89BBA9E1184}.Release|Any CPU.ActiveCfg = Release|Any CPU
		{249B807B-4117-4096-AC64-D89BBA9E1184}.Release|Any CPU.Build.0 = Release|Any CPU
	EndGlobalSection
	GlobalSection(SolutionProperties) = preSolution
		HideSolutionNode = FALSE
	EndGlobalSection
	GlobalSection(ExtensibilityGlobals) = postSolution
		SolutionGuid = {0B3A515F-9E08-46A5-9F70-71DC9D716F7F}
	EndGlobalSection
EndGlobal
